
Microsoft Visual Studio Solution File, Format Version 12.00
# Visual Studio 15
VisualStudioVersion = 15.0.28307.136
MinimumVisualStudioVersion = 10.0.40219.1
Project("{FAE04EC0-301F-11D3-BF4B-00C04F79EFBC}") = "Cet4_6Tools", "Cet4_6Tools\Cet4_6Tools.csproj", "{134ECE57-1A32-4817-B94C-9DA3C494C6D5}"
EndProject
Global
	GlobalSection(SolutionConfigurationPlatforms) = preSolution
		Debug|Any CPU = Debug|Any CPU
		Release|Any CPU = Release|Any CPU
	EndGlobalSection
	GlobalSection(ProjectConfigurationPlatforms) = postSolution
		{134ECE57-1A32-4817-B94C-9DA3C494C6D5}.Debug|Any CPU.ActiveCfg = Debug|Any CPU
		{134ECE57-1A32-4817-B94C-9DA3C494C6D5}.Debug|Any CPU.Build.0 = Debug|Any CPU
		{134ECE57-1A32-4817-B94C-9DA3C494C6D5}.Release|Any CPU.ActiveCfg = Release|Any CPU
		{134ECE57-1A32-4817-B94C-9DA3C494C6D5}.Release|Any CPU.Build.0 = Release|Any CPU
	EndGlobalSection
	GlobalSection(SolutionProperties) = preSolution
		HideSolutionNode = FALSE
	EndGlobalSection
	GlobalSection(ExtensibilityGlobals) = postSolution
		SolutionGuid = {2A1C546A-2F95-437D-AE6B-03C2EAFC8D76}
	EndGlobalSection
EndGlobal
