
Microsoft Visual Studio Solution File, Format Version 12.00
# Visual Studio Version 17
VisualStudioVersion = 17.1.32228.430
MinimumVisualStudioVersion = 10.0.40219.1
Project("{9A19103F-16F7-4668-BE54-9A1E7A4F7556}") = "Cet4_6Tools", "Cet4_6Tools\Cet4_6Tools.csproj", "{134ECE57-1A32-4817-B94C-9DA3C494C6D5}"
EndProject
Project("{2150E333-8FDC-42A3-9474-1A3956D46DE8}") = "_docs", "_docs", "{5F3A230E-3772-405A-B39E-42D7C282B4E3}"
	ProjectSection(SolutionItems) = preProject
		README.md = README.md
	EndProjectSection
EndProject
Project("{FAE04EC0-301F-11D3-BF4B-00C04F79EFBC}") = "Aspose.Crack", "Aspose.Crack\Aspose.Crack.csproj", "{8FFF2A46-83D7-4339-B280-F6672CC1315C}"
EndProject
Project("{9A19103F-16F7-4668-BE54-9A1E7A4F7556}") = "Aspose.Crack.Core", "Aspose.Crack.Core\Aspose.Crack.Core.csproj", "{9BA62918-0390-4E88-96F1-8BE677012F02}"
EndProject
Global
	GlobalSection(SolutionConfigurationPlatforms) = preSolution
		Debug|Any CPU = Debug|Any CPU
		Release|Any CPU = Release|Any CPU
	EndGlobalSection
	GlobalSection(ProjectConfigurationPlatforms) = postSolution
		{134ECE57-1A32-4817-B94C-9DA3C494C6D5}.Debug|Any CPU.ActiveCfg = Debug|Any CPU
		{134ECE57-1A32-4817-B94C-9DA3C494C6D5}.Debug|Any CPU.Build.0 = Debug|Any CPU
		{134ECE57-1A32-4817-B94C-9DA3C494C6D5}.Release|Any CPU.ActiveCfg = Release|Any CPU
		{134ECE57-1A32-4817-B94C-9DA3C494C6D5}.Release|Any CPU.Build.0 = Release|Any CPU
		{8FFF2A46-83D7-4339-B280-F6672CC1315C}.Debug|Any CPU.ActiveCfg = Debug|Any CPU
		{8FFF2A46-83D7-4339-B280-F6672CC1315C}.Debug|Any CPU.Build.0 = Debug|Any CPU
		{8FFF2A46-83D7-4339-B280-F6672CC1315C}.Release|Any CPU.ActiveCfg = Release|Any CPU
		{8FFF2A46-83D7-4339-B280-F6672CC1315C}.Release|Any CPU.Build.0 = Release|Any CPU
		{9BA62918-0390-4E88-96F1-8BE677012F02}.Debug|Any CPU.ActiveCfg = Debug|Any CPU
		{9BA62918-0390-4E88-96F1-8BE677012F02}.Debug|Any CPU.Build.0 = Debug|Any CPU
		{9BA62918-0390-4E88-96F1-8BE677012F02}.Release|Any CPU.ActiveCfg = Release|Any CPU
		{9BA62918-0390-4E88-96F1-8BE677012F02}.Release|Any CPU.Build.0 = Release|Any CPU
	EndGlobalSection
	GlobalSection(SolutionProperties) = preSolution
		HideSolutionNode = FALSE
	EndGlobalSection
	GlobalSection(ExtensibilityGlobals) = postSolution
		SolutionGuid = {2A1C546A-2F95-437D-AE6B-03C2EAFC8D76}
	EndGlobalSection
EndGlobal
